{
    "_meta": {
        "hash": {
            "sha256": "9022dbb508431b70ad3673547a050c2be9b2747d6e4e64f8b0ebf2f82f662a64"
        },
        "pipfile-spec": 6,
        "requires": {
            "python_version": "3.7"
        },
        "sources": [
            {
                "name": "pypi",
                "url": "https://pypi.org/simple",
                "verify_ssl": true
            }
        ]
    },
    "default": {
        "pillow": {
            "hashes": [
                "sha256:0295442429645fa16d05bd567ef5cff178482439c9aad0411d3f0ce9b88b3a6f",
                "sha256:06aba4169e78c439d528fdeb34762c3b61a70813527a2c57f0540541e9f433a8",
                "sha256:09d7f9e64289cb40c2c8d7ad674b2ed6105f55dc3b09aa8e4918e20a0311e7ad",
                "sha256:0a80dd307a5d8440b0a08bd7b81617e04d870e40a3e46a32d9c246e54705e86f",
                "sha256:1ca594126d3c4def54babee699c055a913efb01e106c309fa6b04405d474d5ae",
                "sha256:25930fadde8019f374400f7986e8404c8b781ce519da27792cbe46eabec00c4d",
                "sha256:431b15cffbf949e89df2f7b48528be18b78bfa5177cb3036284a5508159492b5",
                "sha256:52125833b070791fcb5710fabc640fc1df07d087fc0c0f02d3661f76c23c5b8b",
                "sha256:5e51ee2b8114def244384eda1c82b10e307ad9778dac5c83fb0943775a653cd8",
                "sha256:612cfda94e9c8346f239bf1a4b082fdd5c8143cf82d685ba2dba76e7adeeb233",
                "sha256:6d7741e65835716ceea0fd13a7d0192961212fd59e741a46bbed7a473c634ed6",
                "sha256:6edb5446f44d901e8683ffb25ebdfc26988ee813da3bf91e12252b57ac163727",
                "sha256:725aa6cfc66ce2857d585f06e9519a1cc0ef6d13f186ff3447ab6dff0a09bc7f",
                "sha256:8dad18b69f710bf3a001d2bf3afab7c432785d94fcf819c16b5207b1cfd17d38",
                "sha256:94cf49723928eb6070a892cb39d6c156f7b5a2db4e8971cb958f7b6b104fb4c4",
                "sha256:97f9e7953a77d5a70f49b9a48da7776dc51e9b738151b22dacf101641594a626",
                "sha256:9ad7f865eebde135d526bb3163d0b23ffff365cf87e767c649550964ad72785d",
                "sha256:9c87ef410a58dd54b92424ffd7e28fd2ec65d2f7fc02b76f5e9b2067e355ebf6",
                "sha256:a060cf8aa332052df2158e5a119303965be92c3da6f2d93b6878f0ebca80b2f6",
                "sha256:c79f9c5fb846285f943aafeafda3358992d64f0ef58566e23484132ecd8d7d63",
                "sha256:c92302a33138409e8f1ad16731568c55c9053eee71bb05b6b744067e1b62380f",
                "sha256:d08b23fdb388c0715990cbc06866db554e1822c4bdcf6d4166cf30ac82df8c41",
                "sha256:d350f0f2c2421e65fbc62690f26b59b0bcda1b614beb318c81e38647e0f673a1",
                "sha256:e901964262a56d9ea3c2693df68bc9860b8bdda2b04768821e4c44ae797de117",
                "sha256:ec29604081f10f16a7aea809ad42e27764188fc258b02259a03a8ff7ded3808d",
                "sha256:edf31f1150778abd4322444c393ab9c7bd2af271dd4dafb4208fb613b1f3cdc9",
                "sha256:f7e30c27477dffc3e85c2463b3e649f751789e0f6c8456099eea7ddd53be4a8a",
                "sha256:ffe538682dc19cc542ae7c3e504fdf54ca7f86fb8a135e59dd6bc8627eae6cce"
            ],
            "version": "==7.2.0"
        },
        "pypdf": {
            "hashes": [
                "sha256:3aede4c3c9c6ad07c98f059f90db0b09ed383f7c791c46100f649e1cabda0e3b"
            ],
            "index": "pypi",
            "version": "==1.13"
        },
        "pypdf2": {
            "hashes": [
                "sha256:e28f902f2f0a1603ea95ebe21dff311ef09be3d0f0ef29a3e44a932729564385"
            ],
            "index": "pypi",
            "version": "==1.26.0"
        },
        "reportlab": {
            "hashes": [
                "sha256:02f4b15e3fb366f7ee477fc4c6cb8db6c8efd7c58a43b6b4ca07d3e77f4886ef",
                "sha256:10711f098d5cead8cfc28894081d9bdb8d79313a1108e76db4f0798ffc6d32f2",
                "sha256:108d6601ad6b62c2faf0d34e83a6fce9b1e4585bf8d6d7145c656c9bd1bba259",
                "sha256:11c63e4c50413bbe962cafaa26090de5910f2128d2d762a887e82d7947eec3bb",
                "sha256:17a667da0816d06ea7c0a12f1389b390e8f0c1629ba3858045e81f946ddc1215",
                "sha256:1a070382e14075d3829e0a5df8b50158ccee004d2f7ff062bb1ad1cd27cfdfb7",
                "sha256:2111726854d411423f4cff59f2a817e40b7d3800ebccd49aba5124fab2e4fe93",
                "sha256:2575f446cca3ebc9ed711789b9042ffb30cb297ff3163fbfe9c6a90540059a63",
                "sha256:2cc13953882855c5ce4f32349c40260486afc3354bbcd85320960013be244f53",
                "sha256:2dc75ca9270269978c34251241bf9ee8712ab649b05fcf24a942eec28f32db1f",
                "sha256:303054e4816225d2e9f103b5444d1d4c57b22d69c71564da2d8e8523002a28f1",
                "sha256:3565c357ea4bd72d55894b4d39391a78c59942cfd359a2f1e6039feeb0dcead8",
                "sha256:45b2a7aa65e082bf481eea9994cdc00292698f8dc9e4a8c0ecfc6be90548803f",
                "sha256:4700a7d2f0c3166505c8aff0f585df8be3ad50dd1bb1b53bfac27bc45438389c",
                "sha256:63625b01940da8bf724ede7362931491172ecfdda64761840b71130a932571a3",
                "sha256:64ac7c8963d272679b570d91fe8178116184aa88e90992d4b14b485fe1a42ab1",
                "sha256:6b99f8e8e747d0e29cece283f28898635a1501bb3eca7ff81188571bbc939733",
                "sha256:6e25781f82540dcadd6b95869750afbab8f56335531a34538f241bbb8ef28a02",
                "sha256:710176305336f141256a5b04ca8facc5bdabce6298c651a2538f2e645eb62f02",
                "sha256:78a77b551c0975c070cc2d948d00c290258731a96d3a85e1c5423ee3f14c7a51",
                "sha256:7a23a45ad8646d39ef93b134507b2701b12a194b1f11fdc25e6a99b572ccf04d",
                "sha256:7cef553de2ff03121efaf9b2715ea11022b8ab515523472e3e6404a2108b8fab",
                "sha256:7de2b52263a9b3aaeb68b5da38074c2283e1b552ff5bfd078467e022475e7715",
                "sha256:810a4dd2df18f68409ac6bf8cf7680a12ed9e3f9210dc5aaa099571f6848386d",
                "sha256:844fbbb9d21a148c07449ebc35c49a3eee05818bbee92ff34f19edb0c24ee355",
                "sha256:8f153446818841d03969f4bdf26625c0292575a6c5807693ef3f5cec9b141326",
                "sha256:9b7013a0e44c01aa18da306d0f4352ee85033d1100c83c592afa16df0a55993f",
                "sha256:9e7522025de05ee39cdcbcdf809e9fdedd4c19809c4606bd030b3afd5028db44",
                "sha256:cc109dcbff7ad6547ce72ffc87e48dde7917ce70fb689ac70b16f27706a56426",
                "sha256:d213d921800ced1a30ca4829b21d84c075f553bf7bf87f2df069f797337815bf",
                "sha256:d8582861408cfd4aa868e3aba0a96d5e456400570de85ba7a2fb12e5b129af60",
                "sha256:d93d433733540dafb04a1664e76b4eda43ffc8f9c368ece3c8ab019db7f5def5",
                "sha256:d97bebfc6faff02d6a526a5d4e32e742330f9d222e85c3efb593bce65457e2f7",
                "sha256:da0355b1a9c417f3411863bf244aad38c5c4e7cad08a4e13d81e35bd3200e6af",
                "sha256:df5d70f35f58b69edc2fffe42ab5a77865f256ae08d8d0615fa74011dae587f6",
                "sha256:e724b46f61b23fcec9a40677f5eae8c09191b2c3bfe6c9f4c02df33dc5daf534",
                "sha256:ebf6ed07ebfc8329194b0cb3b95af9c2e532c1e8f4a813c8974e5d23370bce25",
                "sha256:f13edb3e227236c22519f112a5e138507df6e130b72f7b7053b2db54fdd3a131",
                "sha256:f492f343c3d1f3db06e79012a51b0679c6c90ee5aaefd8306aaf87b5782d4e4f",
                "sha256:f7513d0e2048e7d5558f72785f7f38451e34e4bcfdb51fca1b6d08557ef5d4a3"
            ],
            "index": "pypi",
            "version": "==3.5.47"
        }
    },
    "develop": {
        "astroid": {
            "hashes": [
                "sha256:2f4078c2a41bf377eea06d71c9d2ba4eb8f6b1af2135bec27bbbb7d8f12bb703",
                "sha256:bc58d83eb610252fd8de6363e39d4f1d0619c894b0ed24603b881c02e64c7386"
            ],
            "version": "==2.4.2"
        },
        "isort": {
            "hashes": [
                "sha256:54da7e92468955c4fceacd0c86bd0ec997b0e1ee80d97f67c35a78b719dccab1",
                "sha256:6e811fcb295968434526407adb8796944f1988c5b65e8139058f2014cbe100fd"
            ],
            "version": "==4.3.21"
        },
        "lazy-object-proxy": {
            "hashes": [
                "sha256:0c4b206227a8097f05c4dbdd323c50edf81f15db3b8dc064d08c62d37e1a504d",
                "sha256:194d092e6f246b906e8f70884e620e459fc54db3259e60cf69a4d66c3fda3449",
                "sha256:1be7e4c9f96948003609aa6c974ae59830a6baecc5376c25c92d7d697e684c08",
                "sha256:4677f594e474c91da97f489fea5b7daa17b5517190899cf213697e48d3902f5a",
                "sha256:48dab84ebd4831077b150572aec802f303117c8cc5c871e182447281ebf3ac50",
                "sha256:5541cada25cd173702dbd99f8e22434105456314462326f06dba3e180f203dfd",
                "sha256:59f79fef100b09564bc2df42ea2d8d21a64fdcda64979c0fa3db7bdaabaf6239",
                "sha256:8d859b89baf8ef7f8bc6b00aa20316483d67f0b1cbf422f5b4dc56701c8f2ffb",
                "sha256:9254f4358b9b541e3441b007a0ea0764b9d056afdeafc1a5569eee1cc6c1b9ea",
                "sha256:9651375199045a358eb6741df3e02a651e0330be090b3bc79f6d0de31a80ec3e",
                "sha256:97bb5884f6f1cdce0099f86b907aa41c970c3c672ac8b9c8352789e103cf3156",
                "sha256:9b15f3f4c0f35727d3a0fba4b770b3c4ebbb1fa907dbcc046a1d2799f3edd142",
                "sha256:a2238e9d1bb71a56cd710611a1614d1194dc10a175c1e08d75e1a7bcc250d442",
                "sha256:a6ae12d08c0bf9909ce12385803a543bfe99b95fe01e752536a60af2b7797c62",
                "sha256:ca0a928a3ddbc5725be2dd1cf895ec0a254798915fb3a36af0964a0a4149e3db",
                "sha256:cb2c7c57005a6804ab66f106ceb8482da55f5314b7fcb06551db1edae4ad1531",
                "sha256:d74bb8693bf9cf75ac3b47a54d716bbb1a92648d5f781fc799347cfc95952383",
                "sha256:d945239a5639b3ff35b70a88c5f2f491913eb94871780ebfabb2568bd58afc5a",
                "sha256:eba7011090323c1dadf18b3b689845fd96a61ba0a1dfbd7f24b921398affc357",
                "sha256:efa1909120ce98bbb3777e8b6f92237f5d5c8ea6758efea36a473e1d38f7d3e4",
                "sha256:f3900e8a5de27447acbf900b4750b0ddfd7ec1ea7fbaf11dfa911141bc522af0"
            ],
            "version": "==1.4.3"
        },
        "mccabe": {
            "hashes": [
                "sha256:ab8a6258860da4b6677da4bd2fe5dc2c659cff31b3ee4f7f5d64e79735b80d42",
                "sha256:dd8d182285a0fe56bace7f45b5e7d1a6ebcbf524e8f3bd87eb0f125271b8831f"
            ],
            "version": "==0.6.1"
        },
        "pylint": {
            "hashes": [
                "sha256:7dd78437f2d8d019717dbf287772d0b2dbdfd13fc016aa7faa08d67bccc46adc",
                "sha256:d0ece7d223fe422088b0e8f13fa0a1e8eb745ebffcb8ed53d3e95394b6101a1c"
            ],
            "index": "pypi",
            "version": "==2.5.3"
        },
        "six": {
            "hashes": [
                "sha256:30639c035cdb23534cd4aa2dd52c3bf48f06e5f4a941509c8bafd8ce11080259",
                "sha256:8b74bedcbbbaca38ff6d7491d76f2b06b3592611af620f8426e82dddb04a5ced"
            ],
            "version": "==1.15.0"
        },
        "toml": {
            "hashes": [
                "sha256:926b612be1e5ce0634a2ca03470f95169cf16f939018233a670519cb4ac58b0f",
                "sha256:bda89d5935c2eac546d648028b9901107a595863cb36bae0c73ac804a9b4ce88"
            ],
            "version": "==0.10.1"
        },
        "typed-ast": {
            "hashes": [
                "sha256:0666aa36131496aed8f7be0410ff974562ab7eeac11ef351def9ea6fa28f6355",
                "sha256:0c2c07682d61a629b68433afb159376e24e5b2fd4641d35424e462169c0a7919",
                "sha256:249862707802d40f7f29f6e1aad8d84b5aa9e44552d2cc17384b209f091276aa",
                "sha256:24995c843eb0ad11a4527b026b4dde3da70e1f2d8806c99b7b4a7cf491612652",
                "sha256:269151951236b0f9a6f04015a9004084a5ab0d5f19b57de779f908621e7d8b75",
                "sha256:4083861b0aa07990b619bd7ddc365eb7fa4b817e99cf5f8d9cf21a42780f6e01",
                "sha256:498b0f36cc7054c1fead3d7fc59d2150f4d5c6c56ba7fb150c013fbc683a8d2d",
                "sha256:4e3e5da80ccbebfff202a67bf900d081906c358ccc3d5e3c8aea42fdfdfd51c1",
                "sha256:6daac9731f172c2a22ade6ed0c00197ee7cc1221aa84cfdf9c31defeb059a907",
                "sha256:715ff2f2df46121071622063fc7543d9b1fd19ebfc4f5c8895af64a77a8c852c",
                "sha256:73d785a950fc82dd2a25897d525d003f6378d1cb23ab305578394694202a58c3",
                "sha256:8c8aaad94455178e3187ab22c8b01a3837f8ee50e09cf31f1ba129eb293ec30b",
                "sha256:8ce678dbaf790dbdb3eba24056d5364fb45944f33553dd5869b7580cdbb83614",
                "sha256:aaee9905aee35ba5905cfb3c62f3e83b3bec7b39413f0a7f19be4e547ea01ebb",
                "sha256:bcd3b13b56ea479b3650b82cabd6b5343a625b0ced5429e4ccad28a8973f301b",
                "sha256:c9e348e02e4d2b4a8b2eedb48210430658df6951fa484e59de33ff773fbd4b41",
                "sha256:d205b1b46085271b4e15f670058ce182bd1199e56b317bf2ec004b6a44f911f6",
                "sha256:d43943ef777f9a1c42bf4e552ba23ac77a6351de620aa9acf64ad54933ad4d34",
                "sha256:d5d33e9e7af3b34a40dc05f498939f0ebf187f07c385fd58d591c533ad8562fe",
                "sha256:fc0fea399acb12edbf8a628ba8d2312f583bdbdb3335635db062fa98cf71fca4",
                "sha256:fe460b922ec15dd205595c9b5b99e2f056fd98ae8f9f56b888e7a17dc2b757e7"
            ],
            "markers": "implementation_name == 'cpython' and python_version < '3.8'",
            "version": "==1.4.1"
        },
        "wrapt": {
            "hashes": [
                "sha256:b62ffa81fb85f4332a4f609cab4ac40709470da05643a082ec1eb88e6d9b97d7"
            ],
            "version": "==1.12.1"
        }
    }
}
